
Microsoft Visual Studio Solution File, Format Version 12.00
# Visual Studio Version 16
VisualStudioVersion = 16.0.29613.14
MinimumVisualStudioVersion = 10.0.40219.1
Project("{FAE04EC0-301F-11D3-BF4B-00C04F79EFBC}") = "TalkUareU", "TalkUareU\TalkUareU.csproj", "{ED94CC4D-BE38-4D42-938E-9255B9EBCBD0}"
EndProject
Project("{54435603-DBB4-11D2-8724-00A0C9A8B90C}") = "TalkTimeClock", "TalkTimeClock\TalkTimeClock.vdproj", "{5C08BD3F-23C2-4A9C-874E-0FC301C33A74}"
EndProject
Global
	GlobalSection(SolutionConfigurationPlatforms) = preSolution
		Debug|Any CPU = Debug|Any CPU
		Release|Any CPU = Release|Any CPU
	EndGlobalSection
	GlobalSection(ProjectConfigurationPlatforms) = postSolution
		{ED94CC4D-BE38-4D42-938E-9255B9EBCBD0}.Debug|Any CPU.ActiveCfg = Debug|Any CPU
		{ED94CC4D-BE38-4D42-938E-9255B9EBCBD0}.Debug|Any CPU.Build.0 = Debug|Any CPU
		{ED94CC4D-BE38-4D42-938E-9255B9EBCBD0}.Release|Any CPU.ActiveCfg = Release|Any CPU
		{ED94CC4D-BE38-4D42-938E-9255B9EBCBD0}.Release|Any CPU.Build.0 = Release|Any CPU
		{5C08BD3F-23C2-4A9C-874E-0FC301C33A74}.Debug|Any CPU.ActiveCfg = Debug
		{5C08BD3F-23C2-4A9C-874E-0FC301C33A74}.Release|Any CPU.ActiveCfg = Release
	EndGlobalSection
	GlobalSection(SolutionProperties) = preSolution
		HideSolutionNode = FALSE
	EndGlobalSection
	GlobalSection(ExtensibilityGlobals) = postSolution
		SolutionGuid = {B7AA802A-91A1-471E-B633-F0E7E2C5B0ED}
	EndGlobalSection
EndGlobal
